
Microsoft Visual Studio Solution File, Format Version 12.00
# Visual Studio Version 17
VisualStudioVersion = 17.3.32901.215
MinimumVisualStudioVersion = 10.0.40219.1
Project("{FAE04EC0-301F-11D3-BF4B-00C04F79EFBC}") = "Exercise 5 Algoritma dan Struktur Data", "Exercise 5 Algoritma dan Struktur Data\Exercise 5 Algoritma dan Struktur Data.csproj", "{A66F82C4-1627-498C-94C7-E28905BD479C}"
EndProject
Global
	GlobalSection(SolutionConfigurationPlatforms) = preSolution
		Debug|Any CPU = Debug|Any CPU
		Release|Any CPU = Release|Any CPU
	EndGlobalSection
	GlobalSection(ProjectConfigurationPlatforms) = postSolution
		{A66F82C4-1627-498C-94C7-E28905BD479C}.Debug|Any CPU.ActiveCfg = Debug|Any CPU
		{A66F82C4-1627-498C-94C7-E28905BD479C}.Debug|Any CPU.Build.0 = Debug|Any CPU
		{A66F82C4-1627-498C-94C7-E28905BD479C}.Release|Any CPU.ActiveCfg = Release|Any CPU
		{A66F82C4-1627-498C-94C7-E28905BD479C}.Release|Any CPU.Build.0 = Release|Any CPU
	EndGlobalSection
	GlobalSection(SolutionProperties) = preSolution
		HideSolutionNode = FALSE
	EndGlobalSection
	GlobalSection(ExtensibilityGlobals) = postSolution
		SolutionGuid = {1B97215D-32DA-483B-9BEB-3903101ED612}
	EndGlobalSection
EndGlobal
